// !$*UTF8*$!
{
	archiveVersion = 1;
	classes = {
	};
	objectVersion = 70;
	objects = {

/* Begin PBXBuildFile section */
		AE3525672D4D6FBA00A259D0 /* BruinEatsAppApp.swift in Sources */ = {isa = PBXBuildFile; fileRef = AE3525662D4D6FBA00A259D0 /* BruinEatsAppApp.swift */; };
		AE3525692D4D6FBA00A259D0 /* ContentView.swift in Sources */ = {isa = PBXBuildFile; fileRef = AE3525682D4D6FBA00A259D0 /* ContentView.swift */; };
		AE35256B2D4D6FBB00A259D0 /* Assets.xcassets in Resources */ = {isa = PBXBuildFile; fileRef = AE35256A2D4D6FBB00A259D0 /* Assets.xcassets */; };
		AE35256E2D4D6FBB00A259D0 /* Preview Assets.xcassets in Resources */ = {isa = PBXBuildFile; fileRef = AE35256D2D4D6FBB00A259D0 /* Preview Assets.xcassets */; };
		AE3525782D4D6FBB00A259D0 /* BruinEatsAppTests.swift in Sources */ = {isa = PBXBuildFile; fileRef = AE3525772D4D6FBB00A259D0 /* BruinEatsAppTests.swift */; };
		AE3525822D4D6FBB00A259D0 /* BruinEatsAppUITests.swift in Sources */ = {isa = PBXBuildFile; fileRef = AE3525812D4D6FBB00A259D0 /* BruinEatsAppUITests.swift */; };
		AE3525842D4D6FBB00A259D0 /* BruinEatsAppUITestsLaunchTests.swift in Sources */ = {isa = PBXBuildFile; fileRef = AE3525832D4D6FBB00A259D0 /* BruinEatsAppUITestsLaunchTests.swift */; };
/* End PBXBuildFile section */

/* Begin PBXContainerItemProxy section */
		AE3525742D4D6FBB00A259D0 /* PBXContainerItemProxy */ = {
			isa = PBXContainerItemProxy;
			containerPortal = AE35255B2D4D6FBA00A259D0 /* Project object */;
			proxyType = 1;
			remoteGlobalIDString = AE3525622D4D6FBA00A259D0;
			remoteInfo = BruinEatsApp;
		};
		AE35257E2D4D6FBB00A259D0 /* PBXContainerItemProxy */ = {
			isa = PBXContainerItemProxy;
			containerPortal = AE35255B2D4D6FBA00A259D0 /* Project object */;
			proxyType = 1;
			remoteGlobalIDString = AE3525622D4D6FBA00A259D0;
			remoteInfo = BruinEatsApp;
		};
/* End PBXContainerItemProxy section */

/* Begin PBXFileReference section */
		AE3525632D4D6FBA00A259D0 /* BruinEatsApp.app */ = {isa = PBXFileReference; explicitFileType = wrapper.application; includeInIndex = 0; path = BruinEatsApp.app; sourceTree = BUILT_PRODUCTS_DIR; };
		AE3525662D4D6FBA00A259D0 /* BruinEatsAppApp.swift */ = {isa = PBXFileReference; lastKnownFileType = sourcecode.swift; path = BruinEatsAppApp.swift; sourceTree = "<group>"; };
		AE3525682D4D6FBA00A259D0 /* ContentView.swift */ = {isa = PBXFileReference; lastKnownFileType = sourcecode.swift; path = ContentView.swift; sourceTree = "<group>"; };
		AE35256A2D4D6FBB00A259D0 /* Assets.xcassets */ = {isa = PBXFileReference; lastKnownFileType = folder.assetcatalog; path = Assets.xcassets; sourceTree = "<group>"; };
		AE35256D2D4D6FBB00A259D0 /* Preview Assets.xcassets */ = {isa = PBXFileReference; lastKnownFileType = folder.assetcatalog; path = "Preview Assets.xcassets"; sourceTree = "<group>"; };
		AE3525732D4D6FBB00A259D0 /* BruinEatsAppTests.xctest */ = {isa = PBXFileReference; explicitFileType = wrapper.cfbundle; includeInIndex = 0; path = BruinEatsAppTests.xctest; sourceTree = BUILT_PRODUCTS_DIR; };
		AE3525772D4D6FBB00A259D0 /* BruinEatsAppTests.swift */ = {isa = PBXFileReference; lastKnownFileType = sourcecode.swift; path = BruinEatsAppTests.swift; sourceTree = "<group>"; };
		AE35257D2D4D6FBB00A259D0 /* BruinEatsAppUITests.xctest */ = {isa = PBXFileReference; explicitFileType = wrapper.cfbundle; includeInIndex = 0; path = BruinEatsAppUITests.xctest; sourceTree = BUILT_PRODUCTS_DIR; };
		AE3525812D4D6FBB00A259D0 /* BruinEatsAppUITests.swift */ = {isa = PBXFileReference; lastKnownFileType = sourcecode.swift; path = BruinEatsAppUITests.swift; sourceTree = "<group>"; };
		AE3525832D4D6FBB00A259D0 /* BruinEatsAppUITestsLaunchTests.swift */ = {isa = PBXFileReference; lastKnownFileType = sourcecode.swift; path = BruinEatsAppUITestsLaunchTests.swift; sourceTree = "<group>"; };
/* End PBXFileReference section */

/* Begin PBXFileSystemSynchronizedRootGroup section */
		F738DCB42D6D623700654168 /* Models */ = {isa = PBXFileSystemSynchronizedRootGroup; explicitFileTypes = {}; explicitFolders = (); path = Models; sourceTree = "<group>"; };
		F738DCB82D6D63B000654168 /* Screens */ = {isa = PBXFileSystemSynchronizedRootGroup; explicitFileTypes = {}; explicitFolders = (); path = Screens; sourceTree = "<group>"; };
		F738DCBC2D6D6C0D00654168 /* Utils */ = {isa = PBXFileSystemSynchronizedRootGroup; explicitFileTypes = {}; explicitFolders = (); path = Utils; sourceTree = "<group>"; };
		F738DCC02D6D6D0600654168 /* Controllers */ = {isa = PBXFileSystemSynchronizedRootGroup; explicitFileTypes = {}; explicitFolders = (); path = Controllers; sourceTree = "<group>"; };
/* End PBXFileSystemSynchronizedRootGroup section */

/* Begin PBXFrameworksBuildPhase section */
		AE3525602D4D6FBA00A259D0 /* Frameworks */ = {
			isa = PBXFrameworksBuildPhase;
			buildActionMask = 2147483647;
			files = (
			);
			runOnlyForDeploymentPostprocessing = 0;
		};
		AE3525702D4D6FBB00A259D0 /* Frameworks */ = {
			isa = PBXFrameworksBuildPhase;
			buildActionMask = 2147483647;
			files = (
			);
			runOnlyForDeploymentPostprocessing = 0;
		};
		AE35257A2D4D6FBB00A259D0 /* Frameworks */ = {
			isa = PBXFrameworksBuildPhase;
			buildActionMask = 2147483647;
			files = (
			);
			runOnlyForDeploymentPostprocessing = 0;
		};
/* End PBXFrameworksBuildPhase section */

/* Begin PBXGroup section */
		AE35255A2D4D6FBA00A259D0 = {
			isa = PBXGroup;
			children = (
				AE3525652D4D6FBA00A259D0 /* BruinEatsApp */,
				AE3525762D4D6FBB00A259D0 /* BruinEatsAppTests */,
				AE3525802D4D6FBB00A259D0 /* BruinEatsAppUITests */,
				AE3525642D4D6FBA00A259D0 /* Products */,
			);
			sourceTree = "<group>";
		};
		AE3525642D4D6FBA00A259D0 /* Products */ = {
			isa = PBXGroup;
			children = (
				AE3525632D4D6FBA00A259D0 /* BruinEatsApp.app */,
				AE3525732D4D6FBB00A259D0 /* BruinEatsAppTests.xctest */,
				AE35257D2D4D6FBB00A259D0 /* BruinEatsAppUITests.xctest */,
			);
			name = Products;
			sourceTree = "<group>";
		};
		AE3525652D4D6FBA00A259D0 /* BruinEatsApp */ = {
			isa = PBXGroup;
			children = (
				F738DCC02D6D6D0600654168 /* Controllers */,
				F738DCBC2D6D6C0D00654168 /* Utils */,
				F738DCB82D6D63B000654168 /* Screens */,
				F738DCB42D6D623700654168 /* Models */,
				AE3525662D4D6FBA00A259D0 /* BruinEatsAppApp.swift */,
				AE3525682D4D6FBA00A259D0 /* ContentView.swift */,
				AE35256A2D4D6FBB00A259D0 /* Assets.xcassets */,
				AE35256C2D4D6FBB00A259D0 /* Preview Content */,
			);
			path = BruinEatsApp;
			sourceTree = "<group>";
		};
		AE35256C2D4D6FBB00A259D0 /* Preview Content */ = {
			isa = PBXGroup;
			children = (
				AE35256D2D4D6FBB00A259D0 /* Preview Assets.xcassets */,
			);
			path = "Preview Content";
			sourceTree = "<group>";
		};
		AE3525762D4D6FBB00A259D0 /* BruinEatsAppTests */ = {
			isa = PBXGroup;
			children = (
				AE3525772D4D6FBB00A259D0 /* BruinEatsAppTests.swift */,
			);
			path = BruinEatsAppTests;
			sourceTree = "<group>";
		};
		AE3525802D4D6FBB00A259D0 /* BruinEatsAppUITests */ = {
			isa = PBXGroup;
			children = (
				AE3525812D4D6FBB00A259D0 /* BruinEatsAppUITests.swift */,
				AE3525832D4D6FBB00A259D0 /* BruinEatsAppUITestsLaunchTests.swift */,
			);
			path = BruinEatsAppUITests;
			sourceTree = "<group>";
		};
/* End PBXGroup section */

/* Begin PBXNativeTarget section */
		AE3525622D4D6FBA00A259D0 /* BruinEatsApp */ = {
			isa = PBXNativeTarget;
			buildConfigurationList = AE3525872D4D6FBB00A259D0 /* Build configuration list for PBXNativeTarget "BruinEatsApp" */;
			buildPhases = (
				AE35255F2D4D6FBA00A259D0 /* Sources */,
				AE3525602D4D6FBA00A259D0 /* Frameworks */,
				AE3525612D4D6FBA00A259D0 /* Resources */,
			);
			buildRules = (
			);
			dependencies = (
			);
			fileSystemSynchronizedGroups = (
				F738DCB42D6D623700654168 /* Models */,
				F738DCB82D6D63B000654168 /* Screens */,
				F738DCBC2D6D6C0D00654168 /* Utils */,
				F738DCC02D6D6D0600654168 /* Controllers */,
			);
			name = BruinEatsApp;
			productName = BruinEatsApp;
			productReference = AE3525632D4D6FBA00A259D0 /* BruinEatsApp.app */;
			productType = "com.apple.product-type.application";
		};
		AE3525722D4D6FBB00A259D0 /* BruinEatsAppTests */ = {
			isa = PBXNativeTarget;
			buildConfigurationList = AE35258A2D4D6FBB00A259D0 /* Build configuration list for PBXNativeTarget "BruinEatsAppTests" */;
			buildPhases = (
				AE35256F2D4D6FBB00A259D0 /* Sources */,
				AE3525702D4D6FBB00A259D0 /* Frameworks */,
				AE3525712D4D6FBB00A259D0 /* Resources */,
			);
			buildRules = (
			);
			dependencies = (
				AE3525752D4D6FBB00A259D0 /* PBXTargetDependency */,
			);
			name = BruinEatsAppTests;
			productName = BruinEatsAppTests;
			productReference = AE3525732D4D6FBB00A259D0 /* BruinEatsAppTests.xctest */;
			productType = "com.apple.product-type.bundle.unit-test";
		};
		AE35257C2D4D6FBB00A259D0 /* BruinEatsAppUITests */ = {
			isa = PBXNativeTarget;
			buildConfigurationList = AE35258D2D4D6FBB00A259D0 /* Build configuration list for PBXNativeTarget "BruinEatsAppUITests" */;
			buildPhases = (
				AE3525792D4D6FBB00A259D0 /* Sources */,
				AE35257A2D4D6FBB00A259D0 /* Frameworks */,
				AE35257B2D4D6FBB00A259D0 /* Resources */,
			);
			buildRules = (
			);
			dependencies = (
				AE35257F2D4D6FBB00A259D0 /* PBXTargetDependency */,
			);
			name = BruinEatsAppUITests;
			productName = BruinEatsAppUITests;
			productReference = AE35257D2D4D6FBB00A259D0 /* BruinEatsAppUITests.xctest */;
			productType = "com.apple.product-type.bundle.ui-testing";
		};
/* End PBXNativeTarget section */

/* Begin PBXProject section */
		AE35255B2D4D6FBA00A259D0 /* Project object */ = {
			isa = PBXProject;
			attributes = {
				BuildIndependentTargetsInParallel = 1;
				LastSwiftUpdateCheck = 1540;
				LastUpgradeCheck = 1540;
				TargetAttributes = {
					AE3525622D4D6FBA00A259D0 = {
						CreatedOnToolsVersion = 15.4;
					};
					AE3525722D4D6FBB00A259D0 = {
						CreatedOnToolsVersion = 15.4;
						TestTargetID = AE3525622D4D6FBA00A259D0;
					};
					AE35257C2D4D6FBB00A259D0 = {
						CreatedOnToolsVersion = 15.4;
						TestTargetID = AE3525622D4D6FBA00A259D0;
					};
				};
			};
			buildConfigurationList = AE35255E2D4D6FBA00A259D0 /* Build configuration list for PBXProject "BruinEatsApp" */;
			compatibilityVersion = "Xcode 14.0";
			developmentRegion = en;
			hasScannedForEncodings = 0;
			knownRegions = (
				en,
				Base,
			);
			mainGroup = AE35255A2D4D6FBA00A259D0;
			productRefGroup = AE3525642D4D6FBA00A259D0 /* Products */;
			projectDirPath = "";
			projectRoot = "";
			targets = (
				AE3525622D4D6FBA00A259D0 /* BruinEatsApp */,
				AE3525722D4D6FBB00A259D0 /* BruinEatsAppTests */,
				AE35257C2D4D6FBB00A259D0 /* BruinEatsAppUITests */,
			);
		};
/* End PBXProject section */

/* Begin PBXResourcesBuildPhase section */
		AE3525612D4D6FBA00A259D0 /* Resources */ = {
			isa = PBXResourcesBuildPhase;
			buildActionMask = 2147483647;
			files = (
				AE35256E2D4D6FBB00A259D0 /* Preview Assets.xcassets in Resources */,
				AE35256B2D4D6FBB00A259D0 /* Assets.xcassets in Resources */,
			);
			runOnlyForDeploymentPostprocessing = 0;
		};
		AE3525712D4D6FBB00A259D0 /* Resources */ = {
			isa = PBXResourcesBuildPhase;
			buildActionMask = 2147483647;
			files = (
			);
			runOnlyForDeploymentPostprocessing = 0;
		};
		AE35257B2D4D6FBB00A259D0 /* Resources */ = {
			isa = PBXResourcesBuildPhase;
			buildActionMask = 2147483647;
			files = (
			);
			runOnlyForDeploymentPostprocessing = 0;
		};
/* End PBXResourcesBuildPhase section */

/* Begin PBXSourcesBuildPhase section */
		AE35255F2D4D6FBA00A259D0 /* Sources */ = {
			isa = PBXSourcesBuildPhase;
			buildActionMask = 2147483647;
			files = (
				AE3525692D4D6FBA00A259D0 /* ContentView.swift in Sources */,
				AE3525672D4D6FBA00A259D0 /* BruinEatsAppApp.swift in Sources */,
			);
			runOnlyForDeploymentPostprocessing = 0;
		};
		AE35256F2D4D6FBB00A259D0 /* Sources */ = {
			isa = PBXSourcesBuildPhase;
			buildActionMask = 2147483647;
			files = (
				AE3525782D4D6FBB00A259D0 /* BruinEatsAppTests.swift in Sources */,
			);
			runOnlyForDeploymentPostprocessing = 0;
		};
		AE3525792D4D6FBB00A259D0 /* Sources */ = {
			isa = PBXSourcesBuildPhase;
			buildActionMask = 2147483647;
			files = (
				AE3525842D4D6FBB00A259D0 /* BruinEatsAppUITestsLaunchTests.swift in Sources */,
				AE3525822D4D6FBB00A259D0 /* BruinEatsAppUITests.swift in Sources */,
			);
			runOnlyForDeploymentPostprocessing = 0;
		};
/* End PBXSourcesBuildPhase section */

/* Begin PBXTargetDependency section */
		AE3525752D4D6FBB00A259D0 /* PBXTargetDependency */ = {
			isa = PBXTargetDependency;
			target = AE3525622D4D6FBA00A259D0 /* BruinEatsApp */;
			targetProxy = AE3525742D4D6FBB00A259D0 /* PBXContainerItemProxy */;
		};
		AE35257F2D4D6FBB00A259D0 /* PBXTargetDependency */ = {
			isa = PBXTargetDependency;
			target = AE3525622D4D6FBA00A259D0 /* BruinEatsApp */;
			targetProxy = AE35257E2D4D6FBB00A259D0 /* PBXContainerItemProxy */;
		};
/* End PBXTargetDependency section */

/* Begin XCBuildConfiguration section */
		AE3525852D4D6FBB00A259D0 /* Debug */ = {
			isa = XCBuildConfiguration;
			buildSettings = {
				ALWAYS_SEARCH_USER_PATHS = NO;
				ASSETCATALOG_COMPILER_GENERATE_SWIFT_ASSET_SYMBOL_EXTENSIONS = YES;
				CLANG_ANALYZER_NONNULL = YES;
				CLANG_ANALYZER_NUMBER_OBJECT_CONVERSION = YES_AGGRESSIVE;
				CLANG_CXX_LANGUAGE_STANDARD = "gnu++20";
				CLANG_ENABLE_MODULES = YES;
				CLANG_ENABLE_OBJC_ARC = YES;
				CLANG_ENABLE_OBJC_WEAK = YES;
				CLANG_WARN_BLOCK_CAPTURE_AUTORELEASING = YES;
				CLANG_WARN_BOOL_CONVERSION = YES;
				CLANG_WARN_COMMA = YES;
				CLANG_WARN_CONSTANT_CONVERSION = YES;
				CLANG_WARN_DEPRECATED_OBJC_IMPLEMENTATIONS = YES;
				CLANG_WARN_DIRECT_OBJC_ISA_USAGE = YES_ERROR;
				CLANG_WARN_DOCUMENTATION_COMMENTS = YES;
				CLANG_WARN_EMPTY_BODY = YES;
				CLANG_WARN_ENUM_CONVERSION = YES;
				CLANG_WARN_INFINITE_RECURSION = YES;
				CLANG_WARN_INT_CONVERSION = YES;
				CLANG_WARN_NON_LITERAL_NULL_CONVERSION = YES;
				CLANG_WARN_OBJC_IMPLICIT_RETAIN_SELF = YES;
				CLANG_WARN_OBJC_LITERAL_CONVERSION = YES;
				CLANG_WARN_OBJC_ROOT_CLASS = YES_ERROR;
				CLANG_WARN_QUOTED_INCLUDE_IN_FRAMEWORK_HEADER = YES;
				CLANG_WARN_RANGE_LOOP_ANALYSIS = YES;
				CLANG_WARN_STRICT_PROTOTYPES = YES;
				CLANG_WARN_SUSPICIOUS_MOVE = YES;
				CLANG_WARN_UNGUARDED_AVAILABILITY = YES_AGGRESSIVE;
				CLANG_WARN_UNREACHABLE_CODE = YES;
				CLANG_WARN__DUPLICATE_METHOD_MATCH = YES;
				COPY_PHASE_STRIP = NO;
				DEBUG_INFORMATION_FORMAT = dwarf;
				ENABLE_STRICT_OBJC_MSGSEND = YES;
				ENABLE_TESTABILITY = YES;
				ENABLE_USER_SCRIPT_SANDBOXING = YES;
				GCC_C_LANGUAGE_STANDARD = gnu17;
				GCC_DYNAMIC_NO_PIC = NO;
				GCC_NO_COMMON_BLOCKS = YES;
				GCC_OPTIMIZATION_LEVEL = 0;
				GCC_PREPROCESSOR_DEFINITIONS = (
					"DEBUG=1",
					"$(inherited)",
				);
				GCC_WARN_64_TO_32_BIT_CONVERSION = YES;
				GCC_WARN_ABOUT_RETURN_TYPE = YES_ERROR;
				GCC_WARN_UNDECLARED_SELECTOR = YES;
				GCC_WARN_UNINITIALIZED_AUTOS = YES_AGGRESSIVE;
				GCC_WARN_UNUSED_FUNCTION = YES;
				GCC_WARN_UNUSED_VARIABLE = YES;
				IPHONEOS_DEPLOYMENT_TARGET = 17.5;
				LOCALIZATION_PREFERS_STRING_CATALOGS = YES;
				MTL_ENABLE_DEBUG_INFO = INCLUDE_SOURCE;
				MTL_FAST_MATH = YES;
				ONLY_ACTIVE_ARCH = YES;
				SDKROOT = iphoneos;
				SWIFT_ACTIVE_COMPILATION_CONDITIONS = "DEBUG $(inherited)";
				SWIFT_OPTIMIZATION_LEVEL = "-Onone";
			};
			name = Debug;
		};
		AE3525862D4D6FBB00A259D0 /* Release */ = {
			isa = XCBuildConfiguration;
			buildSettings = {
				ALWAYS_SEARCH_USER_PATHS = NO;
				ASSETCATALOG_COMPILER_GENERATE_SWIFT_ASSET_SYMBOL_EXTENSIONS = YES;
				CLANG_ANALYZER_NONNULL = YES;
				CLANG_ANALYZER_NUMBER_OBJECT_CONVERSION = YES_AGGRESSIVE;
				CLANG_CXX_LANGUAGE_STANDARD = "gnu++20";
				CLANG_ENABLE_MODULES = YES;
				CLANG_ENABLE_OBJC_ARC = YES;
				CLANG_ENABLE_OBJC_WEAK = YES;
				CLANG_WARN_BLOCK_CAPTURE_AUTORELEASING = YES;
				CLANG_WARN_BOOL_CONVERSION = YES;
				CLANG_WARN_COMMA = YES;
				CLANG_WARN_CONSTANT_CONVERSION = YES;
				CLANG_WARN_DEPRECATED_OBJC_IMPLEMENTATIONS = YES;
				CLANG_WARN_DIRECT_OBJC_ISA_USAGE = YES_ERROR;
				CLANG_WARN_DOCUMENTATION_COMMENTS = YES;
				CLANG_WARN_EMPTY_BODY = YES;
				CLANG_WARN_ENUM_CONVERSION = YES;
				CLANG_WARN_INFINITE_RECURSION = YES;
				CLANG_WARN_INT_CONVERSION = YES;
				CLANG_WARN_NON_LITERAL_NULL_CONVERSION = YES;
				CLANG_WARN_OBJC_IMPLICIT_RETAIN_SELF = YES;
				CLANG_WARN_OBJC_LITERAL_CONVERSION = YES;
				CLANG_WARN_OBJC_ROOT_CLASS = YES_ERROR;
				CLANG_WARN_QUOTED_INCLUDE_IN_FRAMEWORK_HEADER = YES;
				CLANG_WARN_RANGE_LOOP_ANALYSIS = YES;
				CLANG_WARN_STRICT_PROTOTYPES = YES;
				CLANG_WARN_SUSPICIOUS_MOVE = YES;
				CLANG_WARN_UNGUARDED_AVAILABILITY = YES_AGGRESSIVE;
				CLANG_WARN_UNREACHABLE_CODE = YES;
				CLANG_WARN__DUPLICATE_METHOD_MATCH = YES;
				COPY_PHASE_STRIP = NO;
				DEBUG_INFORMATION_FORMAT = "dwarf-with-dsym";
				ENABLE_NS_ASSERTIONS = NO;
				ENABLE_STRICT_OBJC_MSGSEND = YES;
				ENABLE_USER_SCRIPT_SANDBOXING = YES;
				GCC_C_LANGUAGE_STANDARD = gnu17;
				GCC_NO_COMMON_BLOCKS = YES;
				GCC_WARN_64_TO_32_BIT_CONVERSION = YES;
				GCC_WARN_ABOUT_RETURN_TYPE = YES_ERROR;
				GCC_WARN_UNDECLARED_SELECTOR = YES;
				GCC_WARN_UNINITIALIZED_AUTOS = YES_AGGRESSIVE;
				GCC_WARN_UNUSED_FUNCTION = YES;
				GCC_WARN_UNUSED_VARIABLE = YES;
				IPHONEOS_DEPLOYMENT_TARGET = 17.5;
				LOCALIZATION_PREFERS_STRING_CATALOGS = YES;
				MTL_ENABLE_DEBUG_INFO = NO;
				MTL_FAST_MATH = YES;
				SDKROOT = iphoneos;
				SWIFT_COMPILATION_MODE = wholemodule;
				VALIDATE_PRODUCT = YES;
			};
			name = Release;
		};
		AE3525882D4D6FBB00A259D0 /* Debug */ = {
			isa = XCBuildConfiguration;
			buildSettings = {
				ASSETCATALOG_COMPILER_APPICON_NAME = AppIcon;
				ASSETCATALOG_COMPILER_GLOBAL_ACCENT_COLOR_NAME = AccentColor;
				CODE_SIGN_STYLE = Automatic;
				CURRENT_PROJECT_VERSION = 1;
				DEVELOPMENT_ASSET_PATHS = "\"BruinEatsApp/Preview Content\"";
				ENABLE_PREVIEWS = YES;
				GENERATE_INFOPLIST_FILE = YES;
				INFOPLIST_KEY_UIApplicationSceneManifest_Generation = YES;
				INFOPLIST_KEY_UIApplicationSupportsIndirectInputEvents = YES;
				INFOPLIST_KEY_UILaunchScreen_Generation = YES;
				INFOPLIST_KEY_UISupportedInterfaceOrientations_iPad = "UIInterfaceOrientationPortrait UIInterfaceOrientationPortraitUpsideDown UIInterfaceOrientationLandscapeLeft UIInterfaceOrientationLandscapeRight";
				INFOPLIST_KEY_UISupportedInterfaceOrientations_iPhone = "UIInterfaceOrientationPortrait UIInterfaceOrientationLandscapeLeft UIInterfaceOrientationLandscapeRight";
				LD_RUNPATH_SEARCH_PATHS = (
					"$(inherited)",
					"@executable_path/Frameworks",
				);
				MARKETING_VERSION = 1.0;
				PRODUCT_BUNDLE_IDENTIFIER = UCLA.BruinEatsApp;
				PRODUCT_NAME = "$(TARGET_NAME)";
				SWIFT_EMIT_LOC_STRINGS = YES;
				SWIFT_VERSION = 5.0;
				TARGETED_DEVICE_FAMILY = "1,2";
			};
			name = Debug;
		};
		AE3525892D4D6FBB00A259D0 /* Release */ = {
			isa = XCBuildConfiguration;
			buildSettings = {
				ASSETCATALOG_COMPILER_APPICON_NAME = AppIcon;
				ASSETCATALOG_COMPILER_GLOBAL_ACCENT_COLOR_NAME = AccentColor;
				CODE_SIGN_STYLE = Automatic;
				CURRENT_PROJECT_VERSION = 1;
				DEVELOPMENT_ASSET_PATHS = "\"BruinEatsApp/Preview Content\"";
				ENABLE_PREVIEWS = YES;
				GENERATE_INFOPLIST_FILE = YES;
				INFOPLIST_KEY_UIApplicationSceneManifest_Generation = YES;
				INFOPLIST_KEY_UIApplicationSupportsIndirectInputEvents = YES;
				INFOPLIST_KEY_UILaunchScreen_Generation = YES;
				INFOPLIST_KEY_UISupportedInterfaceOrientations_iPad = "UIInterfaceOrientationPortrait UIInterfaceOrientationPortraitUpsideDown UIInterfaceOrientationLandscapeLeft UIInterfaceOrientationLandscapeRight";
				INFOPLIST_KEY_UISupportedInterfaceOrientations_iPhone = "UIInterfaceOrientationPortrait UIInterfaceOrientationLandscapeLeft UIInterfaceOrientationLandscapeRight";
				LD_RUNPATH_SEARCH_PATHS = (
					"$(inherited)",
					"@executable_path/Frameworks",
				);
				MARKETING_VERSION = 1.0;
				PRODUCT_BUNDLE_IDENTIFIER = UCLA.BruinEatsApp;
				PRODUCT_NAME = "$(TARGET_NAME)";
				SWIFT_EMIT_LOC_STRINGS = YES;
				SWIFT_VERSION = 5.0;
				TARGETED_DEVICE_FAMILY = "1,2";
			};
			name = Release;
		};
		AE35258B2D4D6FBB00A259D0 /* Debug */ = {
			isa = XCBuildConfiguration;
			buildSettings = {
				ALWAYS_EMBED_SWIFT_STANDARD_LIBRARIES = YES;
				BUNDLE_LOADER = "$(TEST_HOST)";
				CODE_SIGN_STYLE = Automatic;
				CURRENT_PROJECT_VERSION = 1;
				GENERATE_INFOPLIST_FILE = YES;
				IPHONEOS_DEPLOYMENT_TARGET = 17.5;
				MARKETING_VERSION = 1.0;
				PRODUCT_BUNDLE_IDENTIFIER = UCLA.BruinEatsAppTests;
				PRODUCT_NAME = "$(TARGET_NAME)";
				SWIFT_EMIT_LOC_STRINGS = NO;
				SWIFT_VERSION = 5.0;
				TARGETED_DEVICE_FAMILY = "1,2";
				TEST_HOST = "$(BUILT_PRODUCTS_DIR)/BruinEatsApp.app/$(BUNDLE_EXECUTABLE_FOLDER_PATH)/BruinEatsApp";
			};
			name = Debug;
		};
		AE35258C2D4D6FBB00A259D0 /* Release */ = {
			isa = XCBuildConfiguration;
			buildSettings = {
				ALWAYS_EMBED_SWIFT_STANDARD_LIBRARIES = YES;
				BUNDLE_LOADER = "$(TEST_HOST)";
				CODE_SIGN_STYLE = Automatic;
				CURRENT_PROJECT_VERSION = 1;
				GENERATE_INFOPLIST_FILE = YES;
				IPHONEOS_DEPLOYMENT_TARGET = 17.5;
				MARKETING_VERSION = 1.0;
				PRODUCT_BUNDLE_IDENTIFIER = UCLA.BruinEatsAppTests;
				PRODUCT_NAME = "$(TARGET_NAME)";
				SWIFT_EMIT_LOC_STRINGS = NO;
				SWIFT_VERSION = 5.0;
				TARGETED_DEVICE_FAMILY = "1,2";
				TEST_HOST = "$(BUILT_PRODUCTS_DIR)/BruinEatsApp.app/$(BUNDLE_EXECUTABLE_FOLDER_PATH)/BruinEatsApp";
			};
			name = Release;
		};
		AE35258E2D4D6FBB00A259D0 /* Debug */ = {
			isa = XCBuildConfiguration;
			buildSettings = {
				ALWAYS_EMBED_SWIFT_STANDARD_LIBRARIES = YES;
				CODE_SIGN_STYLE = Automatic;
				CURRENT_PROJECT_VERSION = 1;
				GENERATE_INFOPLIST_FILE = YES;
				MARKETING_VERSION = 1.0;
				PRODUCT_BUNDLE_IDENTIFIER = UCLA.BruinEatsAppUITests;
				PRODUCT_NAME = "$(TARGET_NAME)";
				SWIFT_EMIT_LOC_STRINGS = NO;
				SWIFT_VERSION = 5.0;
				TARGETED_DEVICE_FAMILY = "1,2";
				TEST_TARGET_NAME = BruinEatsApp;
			};
			name = Debug;
		};
		AE35258F2D4D6FBB00A259D0 /* Release */ = {
			isa = XCBuildConfiguration;
			buildSettings = {
				ALWAYS_EMBED_SWIFT_STANDARD_LIBRARIES = YES;
				CODE_SIGN_STYLE = Automatic;
				CURRENT_PROJECT_VERSION = 1;
				GENERATE_INFOPLIST_FILE = YES;
				MARKETING_VERSION = 1.0;
				PRODUCT_BUNDLE_IDENTIFIER = UCLA.BruinEatsAppUITests;
				PRODUCT_NAME = "$(TARGET_NAME)";
				SWIFT_EMIT_LOC_STRINGS = NO;
				SWIFT_VERSION = 5.0;
				TARGETED_DEVICE_FAMILY = "1,2";
				TEST_TARGET_NAME = BruinEatsApp;
			};
			name = Release;
		};
/* End XCBuildConfiguration section */

/* Begin XCConfigurationList section */
		AE35255E2D4D6FBA00A259D0 /* Build configuration list for PBXProject "BruinEatsApp" */ = {
			isa = XCConfigurationList;
			buildConfigurations = (
				AE3525852D4D6FBB00A259D0 /* Debug */,
				AE3525862D4D6FBB00A259D0 /* Release */,
			);
			defaultConfigurationIsVisible = 0;
			defaultConfigurationName = Release;
		};
		AE3525872D4D6FBB00A259D0 /* Build configuration list for PBXNativeTarget "BruinEatsApp" */ = {
			isa = XCConfigurationList;
			buildConfigurations = (
				AE3525882D4D6FBB00A259D0 /* Debug */,
				AE3525892D4D6FBB00A259D0 /* Release */,
			);
			defaultConfigurationIsVisible = 0;
			defaultConfigurationName = Release;
		};
		AE35258A2D4D6FBB00A259D0 /* Build configuration list for PBXNativeTarget "BruinEatsAppTests" */ = {
			isa = XCConfigurationList;
			buildConfigurations = (
				AE35258B2D4D6FBB00A259D0 /* Debug */,
				AE35258C2D4D6FBB00A259D0 /* Release */,
			);
			defaultConfigurationIsVisible = 0;
			defaultConfigurationName = Release;
		};
		AE35258D2D4D6FBB00A259D0 /* Build configuration list for PBXNativeTarget "BruinEatsAppUITests" */ = {
			isa = XCConfigurationList;
			buildConfigurations = (
				AE35258E2D4D6FBB00A259D0 /* Debug */,
				AE35258F2D4D6FBB00A259D0 /* Release */,
			);
			defaultConfigurationIsVisible = 0;
			defaultConfigurationName = Release;
		};
/* End XCConfigurationList section */
	};
	rootObject = AE35255B2D4D6FBA00A259D0 /* Project object */;
}
