// !$*UTF8*$!
{
	archiveVersion = 1;
	classes = {
	};
	objectVersion = 77;
	objects = {

/* Begin PBXContainerItemProxy section */
		2E8EA1572D49A0290046382D /* PBXContainerItemProxy */ = {
			isa = PBXContainerItemProxy;
			containerPortal = 2E8EA13E2D49A0280046382D /* Project object */;
			proxyType = 1;
			remoteGlobalIDString = 2E8EA1452D49A0280046382D;
			remoteInfo = BruinEatsApp;
		};
		2E8EA1612D49A0290046382D /* PBXContainerItemProxy */ = {
			isa = PBXContainerItemProxy;
			containerPortal = 2E8EA13E2D49A0280046382D /* Project object */;
			proxyType = 1;
			remoteGlobalIDString = 2E8EA1452D49A0280046382D;
			remoteInfo = BruinEatsApp;
		};
/* End PBXContainerItemProxy section */

/* Begin PBXFileReference section */
		2E8EA1462D49A0280046382D /* BruinEatsApp.app */ = {isa = PBXFileReference; explicitFileType = wrapper.application; includeInIndex = 0; path = BruinEatsApp.app; sourceTree = BUILT_PRODUCTS_DIR; };
		2E8EA1562D49A0290046382D /* BruinEatsAppTests.xctest */ = {isa = PBXFileReference; explicitFileType = wrapper.cfbundle; includeInIndex = 0; path = BruinEatsAppTests.xctest; sourceTree = BUILT_PRODUCTS_DIR; };
		2E8EA1602D49A0290046382D /* BruinEatsAppUITests.xctest */ = {isa = PBXFileReference; explicitFileType = wrapper.cfbundle; includeInIndex = 0; path = BruinEatsAppUITests.xctest; sourceTree = BUILT_PRODUCTS_DIR; };
/* End PBXFileReference section */

/* Begin PBXFileSystemSynchronizedRootGroup section */
		2E8EA1482D49A0280046382D /* BruinEatsApp */ = {
			isa = PBXFileSystemSynchronizedRootGroup;
			path = BruinEatsApp;
			sourceTree = "<group>";
		};
		2E8EA1592D49A0290046382D /* BruinEatsAppTests */ = {
			isa = PBXFileSystemSynchronizedRootGroup;
			path = BruinEatsAppTests;
			sourceTree = "<group>";
		};
		2E8EA1632D49A0290046382D /* BruinEatsAppUITests */ = {
			isa = PBXFileSystemSynchronizedRootGroup;
			path = BruinEatsAppUITests;
			sourceTree = "<group>";
		};
/* End PBXFileSystemSynchronizedRootGroup section */

/* Begin PBXFrameworksBuildPhase section */
		2E8EA1432D49A0280046382D /* Frameworks */ = {
			isa = PBXFrameworksBuildPhase;
			buildActionMask = 2147483647;
			files = (
			);
			runOnlyForDeploymentPostprocessing = 0;
		};
		2E8EA1532D49A0290046382D /* Frameworks */ = {
			isa = PBXFrameworksBuildPhase;
			buildActionMask = 2147483647;
			files = (
			);
			runOnlyForDeploymentPostprocessing = 0;
		};
		2E8EA15D2D49A0290046382D /* Frameworks */ = {
			isa = PBXFrameworksBuildPhase;
			buildActionMask = 2147483647;
			files = (
			);
			runOnlyForDeploymentPostprocessing = 0;
		};
/* End PBXFrameworksBuildPhase section */

/* Begin PBXGroup section */
		2E8EA13D2D49A0280046382D = {
			isa = PBXGroup;
			children = (
				2E8EA1482D49A0280046382D /* BruinEatsApp */,
				2E8EA1592D49A0290046382D /* BruinEatsAppTests */,
				2E8EA1632D49A0290046382D /* BruinEatsAppUITests */,
				2E8EA1472D49A0280046382D /* Products */,
			);
			sourceTree = "<group>";
		};
		2E8EA1472D49A0280046382D /* Products */ = {
			isa = PBXGroup;
			children = (
				2E8EA1462D49A0280046382D /* BruinEatsApp.app */,
				2E8EA1562D49A0290046382D /* BruinEatsAppTests.xctest */,
				2E8EA1602D49A0290046382D /* BruinEatsAppUITests.xctest */,
			);
			name = Products;
			sourceTree = "<group>";
		};
/* End PBXGroup section */

/* Begin PBXNativeTarget section */
		2E8EA1452D49A0280046382D /* BruinEatsApp */ = {
			isa = PBXNativeTarget;
			buildConfigurationList = 2E8EA16A2D49A0290046382D /* Build configuration list for PBXNativeTarget "BruinEatsApp" */;
			buildPhases = (
				2E8EA1422D49A0280046382D /* Sources */,
				2E8EA1432D49A0280046382D /* Frameworks */,
				2E8EA1442D49A0280046382D /* Resources */,
			);
			buildRules = (
			);
			dependencies = (
			);
			fileSystemSynchronizedGroups = (
				2E8EA1482D49A0280046382D /* BruinEatsApp */,
			);
			name = BruinEatsApp;
			packageProductDependencies = (
			);
			productName = BruinEatsApp;
			productReference = 2E8EA1462D49A0280046382D /* BruinEatsApp.app */;
			productType = "com.apple.product-type.application";
		};
		2E8EA1552D49A0290046382D /* BruinEatsAppTests */ = {
			isa = PBXNativeTarget;
			buildConfigurationList = 2E8EA16D2D49A0290046382D /* Build configuration list for PBXNativeTarget "BruinEatsAppTests" */;
			buildPhases = (
				2E8EA1522D49A0290046382D /* Sources */,
				2E8EA1532D49A0290046382D /* Frameworks */,
				2E8EA1542D49A0290046382D /* Resources */,
			);
			buildRules = (
			);
			dependencies = (
				2E8EA1582D49A0290046382D /* PBXTargetDependency */,
			);
			fileSystemSynchronizedGroups = (
				2E8EA1592D49A0290046382D /* BruinEatsAppTests */,
			);
			name = BruinEatsAppTests;
			packageProductDependencies = (
			);
			productName = BruinEatsAppTests;
			productReference = 2E8EA1562D49A0290046382D /* BruinEatsAppTests.xctest */;
			productType = "com.apple.product-type.bundle.unit-test";
		};
		2E8EA15F2D49A0290046382D /* BruinEatsAppUITests */ = {
			isa = PBXNativeTarget;
			buildConfigurationList = 2E8EA1702D49A0290046382D /* Build configuration list for PBXNativeTarget "BruinEatsAppUITests" */;
			buildPhases = (
				2E8EA15C2D49A0290046382D /* Sources */,
				2E8EA15D2D49A0290046382D /* Frameworks */,
				2E8EA15E2D49A0290046382D /* Resources */,
			);
			buildRules = (
			);
			dependencies = (
				2E8EA1622D49A0290046382D /* PBXTargetDependency */,
			);
			fileSystemSynchronizedGroups = (
				2E8EA1632D49A0290046382D /* BruinEatsAppUITests */,
			);
			name = BruinEatsAppUITests;
			packageProductDependencies = (
			);
			productName = BruinEatsAppUITests;
			productReference = 2E8EA1602D49A0290046382D /* BruinEatsAppUITests.xctest */;
			productType = "com.apple.product-type.bundle.ui-testing";
		};
/* End PBXNativeTarget section */

/* Begin PBXProject section */
		2E8EA13E2D49A0280046382D /* Project object */ = {
			isa = PBXProject;
			attributes = {
				BuildIndependentTargetsInParallel = 1;
				LastSwiftUpdateCheck = 1620;
				LastUpgradeCheck = 1620;
				TargetAttributes = {
					2E8EA1452D49A0280046382D = {
						CreatedOnToolsVersion = 16.2;
					};
					2E8EA1552D49A0290046382D = {
						CreatedOnToolsVersion = 16.2;
						TestTargetID = 2E8EA1452D49A0280046382D;
					};
					2E8EA15F2D49A0290046382D = {
						CreatedOnToolsVersion = 16.2;
						TestTargetID = 2E8EA1452D49A0280046382D;
					};
				};
			};
			buildConfigurationList = 2E8EA1412D49A0280046382D /* Build configuration list for PBXProject "BruinEatsApp" */;
			developmentRegion = en;
			hasScannedForEncodings = 0;
			knownRegions = (
				en,
				Base,
			);
			mainGroup = 2E8EA13D2D49A0280046382D;
			minimizedProjectReferenceProxies = 1;
			preferredProjectObjectVersion = 77;
			productRefGroup = 2E8EA1472D49A0280046382D /* Products */;
			projectDirPath = "";
			projectRoot = "";
			targets = (
				2E8EA1452D49A0280046382D /* BruinEatsApp */,
				2E8EA1552D49A0290046382D /* BruinEatsAppTests */,
				2E8EA15F2D49A0290046382D /* BruinEatsAppUITests */,
			);
		};
/* End PBXProject section */

/* Begin PBXResourcesBuildPhase section */
		2E8EA1442D49A0280046382D /* Resources */ = {
			isa = PBXResourcesBuildPhase;
			buildActionMask = 2147483647;
			files = (
			);
			runOnlyForDeploymentPostprocessing = 0;
		};
		2E8EA1542D49A0290046382D /* Resources */ = {
			isa = PBXResourcesBuildPhase;
			buildActionMask = 2147483647;
			files = (
			);
			runOnlyForDeploymentPostprocessing = 0;
		};
		2E8EA15E2D49A0290046382D /* Resources */ = {
			isa = PBXResourcesBuildPhase;
			buildActionMask = 2147483647;
			files = (
			);
			runOnlyForDeploymentPostprocessing = 0;
		};
/* End PBXResourcesBuildPhase section */

/* Begin PBXSourcesBuildPhase section */
		2E8EA1422D49A0280046382D /* Sources */ = {
			isa = PBXSourcesBuildPhase;
			buildActionMask = 2147483647;
			files = (
			);
			runOnlyForDeploymentPostprocessing = 0;
		};
		2E8EA1522D49A0290046382D /* Sources */ = {
			isa = PBXSourcesBuildPhase;
			buildActionMask = 2147483647;
			files = (
			);
			runOnlyForDeploymentPostprocessing = 0;
		};
		2E8EA15C2D49A0290046382D /* Sources */ = {
			isa = PBXSourcesBuildPhase;
			buildActionMask = 2147483647;
			files = (
			);
			runOnlyForDeploymentPostprocessing = 0;
		};
/* End PBXSourcesBuildPhase section */

/* Begin PBXTargetDependency section */
		2E8EA1582D49A0290046382D /* PBXTargetDependency */ = {
			isa = PBXTargetDependency;
			target = 2E8EA1452D49A0280046382D /* BruinEatsApp */;
			targetProxy = 2E8EA1572D49A0290046382D /* PBXContainerItemProxy */;
		};
		2E8EA1622D49A0290046382D /* PBXTargetDependency */ = {
			isa = PBXTargetDependency;
			target = 2E8EA1452D49A0280046382D /* BruinEatsApp */;
			targetProxy = 2E8EA1612D49A0290046382D /* PBXContainerItemProxy */;
		};
/* End PBXTargetDependency section */

/* Begin XCBuildConfiguration section */
		2E8EA1682D49A0290046382D /* Debug */ = {
			isa = XCBuildConfiguration;
			buildSettings = {
				ALWAYS_SEARCH_USER_PATHS = NO;
				ASSETCATALOG_COMPILER_GENERATE_SWIFT_ASSET_SYMBOL_EXTENSIONS = YES;
				CLANG_ANALYZER_NONNULL = YES;
				CLANG_ANALYZER_NUMBER_OBJECT_CONVERSION = YES_AGGRESSIVE;
				CLANG_CXX_LANGUAGE_STANDARD = "gnu++20";
				CLANG_ENABLE_MODULES = YES;
				CLANG_ENABLE_OBJC_ARC = YES;
				CLANG_ENABLE_OBJC_WEAK = YES;
				CLANG_WARN_BLOCK_CAPTURE_AUTORELEASING = YES;
				CLANG_WARN_BOOL_CONVERSION = YES;
				CLANG_WARN_COMMA = YES;
				CLANG_WARN_CONSTANT_CONVERSION = YES;
				CLANG_WARN_DEPRECATED_OBJC_IMPLEMENTATIONS = YES;
				CLANG_WARN_DIRECT_OBJC_ISA_USAGE = YES_ERROR;
				CLANG_WARN_DOCUMENTATION_COMMENTS = YES;
				CLANG_WARN_EMPTY_BODY = YES;
				CLANG_WARN_ENUM_CONVERSION = YES;
				CLANG_WARN_INFINITE_RECURSION = YES;
				CLANG_WARN_INT_CONVERSION = YES;
				CLANG_WARN_NON_LITERAL_NULL_CONVERSION = YES;
				CLANG_WARN_OBJC_IMPLICIT_RETAIN_SELF = YES;
				CLANG_WARN_OBJC_LITERAL_CONVERSION = YES;
				CLANG_WARN_OBJC_ROOT_CLASS = YES_ERROR;
				CLANG_WARN_QUOTED_INCLUDE_IN_FRAMEWORK_HEADER = YES;
				CLANG_WARN_RANGE_LOOP_ANALYSIS = YES;
				CLANG_WARN_STRICT_PROTOTYPES = YES;
				CLANG_WARN_SUSPICIOUS_MOVE = YES;
				CLANG_WARN_UNGUARDED_AVAILABILITY = YES_AGGRESSIVE;
				CLANG_WARN_UNREACHABLE_CODE = YES;
				CLANG_WARN__DUPLICATE_METHOD_MATCH = YES;
				COPY_PHASE_STRIP = NO;
				DEBUG_INFORMATION_FORMAT = dwarf;
				ENABLE_STRICT_OBJC_MSGSEND = YES;
				ENABLE_TESTABILITY = YES;
				ENABLE_USER_SCRIPT_SANDBOXING = YES;
				GCC_C_LANGUAGE_STANDARD = gnu17;
				GCC_DYNAMIC_NO_PIC = NO;
				GCC_NO_COMMON_BLOCKS = YES;
				GCC_OPTIMIZATION_LEVEL = 0;
				GCC_PREPROCESSOR_DEFINITIONS = (
					"DEBUG=1",
					"$(inherited)",
				);
				GCC_WARN_64_TO_32_BIT_CONVERSION = YES;
				GCC_WARN_ABOUT_RETURN_TYPE = YES_ERROR;
				GCC_WARN_UNDECLARED_SELECTOR = YES;
				GCC_WARN_UNINITIALIZED_AUTOS = YES_AGGRESSIVE;
				GCC_WARN_UNUSED_FUNCTION = YES;
				GCC_WARN_UNUSED_VARIABLE = YES;
				IPHONEOS_DEPLOYMENT_TARGET = 18.2;
				LOCALIZATION_PREFERS_STRING_CATALOGS = YES;
				MTL_ENABLE_DEBUG_INFO = INCLUDE_SOURCE;
				MTL_FAST_MATH = YES;
				ONLY_ACTIVE_ARCH = YES;
				SDKROOT = iphoneos;
				SWIFT_ACTIVE_COMPILATION_CONDITIONS = "DEBUG $(inherited)";
				SWIFT_OPTIMIZATION_LEVEL = "-Onone";
			};
			name = Debug;
		};
		2E8EA1692D49A0290046382D /* Release */ = {
			isa = XCBuildConfiguration;
			buildSettings = {
				ALWAYS_SEARCH_USER_PATHS = NO;
				ASSETCATALOG_COMPILER_GENERATE_SWIFT_ASSET_SYMBOL_EXTENSIONS = YES;
				CLANG_ANALYZER_NONNULL = YES;
				CLANG_ANALYZER_NUMBER_OBJECT_CONVERSION = YES_AGGRESSIVE;
				CLANG_CXX_LANGUAGE_STANDARD = "gnu++20";
				CLANG_ENABLE_MODULES = YES;
				CLANG_ENABLE_OBJC_ARC = YES;
				CLANG_ENABLE_OBJC_WEAK = YES;
				CLANG_WARN_BLOCK_CAPTURE_AUTORELEASING = YES;
				CLANG_WARN_BOOL_CONVERSION = YES;
				CLANG_WARN_COMMA = YES;
				CLANG_WARN_CONSTANT_CONVERSION = YES;
				CLANG_WARN_DEPRECATED_OBJC_IMPLEMENTATIONS = YES;
				CLANG_WARN_DIRECT_OBJC_ISA_USAGE = YES_ERROR;
				CLANG_WARN_DOCUMENTATION_COMMENTS = YES;
				CLANG_WARN_EMPTY_BODY = YES;
				CLANG_WARN_ENUM_CONVERSION = YES;
				CLANG_WARN_INFINITE_RECURSION = YES;
				CLANG_WARN_INT_CONVERSION = YES;
				CLANG_WARN_NON_LITERAL_NULL_CONVERSION = YES;
				CLANG_WARN_OBJC_IMPLICIT_RETAIN_SELF = YES;
				CLANG_WARN_OBJC_LITERAL_CONVERSION = YES;
				CLANG_WARN_OBJC_ROOT_CLASS = YES_ERROR;
				CLANG_WARN_QUOTED_INCLUDE_IN_FRAMEWORK_HEADER = YES;
				CLANG_WARN_RANGE_LOOP_ANALYSIS = YES;
				CLANG_WARN_STRICT_PROTOTYPES = YES;
				CLANG_WARN_SUSPICIOUS_MOVE = YES;
				CLANG_WARN_UNGUARDED_AVAILABILITY = YES_AGGRESSIVE;
				CLANG_WARN_UNREACHABLE_CODE = YES;
				CLANG_WARN__DUPLICATE_METHOD_MATCH = YES;
				COPY_PHASE_STRIP = NO;
				DEBUG_INFORMATION_FORMAT = "dwarf-with-dsym";
				ENABLE_NS_ASSERTIONS = NO;
				ENABLE_STRICT_OBJC_MSGSEND = YES;
				ENABLE_USER_SCRIPT_SANDBOXING = YES;
				GCC_C_LANGUAGE_STANDARD = gnu17;
				GCC_NO_COMMON_BLOCKS = YES;
				GCC_WARN_64_TO_32_BIT_CONVERSION = YES;
				GCC_WARN_ABOUT_RETURN_TYPE = YES_ERROR;
				GCC_WARN_UNDECLARED_SELECTOR = YES;
				GCC_WARN_UNINITIALIZED_AUTOS = YES_AGGRESSIVE;
				GCC_WARN_UNUSED_FUNCTION = YES;
				GCC_WARN_UNUSED_VARIABLE = YES;
				IPHONEOS_DEPLOYMENT_TARGET = 18.2;
				LOCALIZATION_PREFERS_STRING_CATALOGS = YES;
				MTL_ENABLE_DEBUG_INFO = NO;
				MTL_FAST_MATH = YES;
				SDKROOT = iphoneos;
				SWIFT_COMPILATION_MODE = wholemodule;
				VALIDATE_PRODUCT = YES;
			};
			name = Release;
		};
		2E8EA16B2D49A0290046382D /* Debug */ = {
			isa = XCBuildConfiguration;
			buildSettings = {
				ASSETCATALOG_COMPILER_APPICON_NAME = AppIcon;
				ASSETCATALOG_COMPILER_GLOBAL_ACCENT_COLOR_NAME = AccentColor;
				CODE_SIGN_STYLE = Automatic;
				CURRENT_PROJECT_VERSION = 1;
				DEVELOPMENT_ASSET_PATHS = "\"BruinEatsApp/Preview Content\"";
				DEVELOPMENT_TEAM = C54923XPNV;
				ENABLE_PREVIEWS = YES;
				GENERATE_INFOPLIST_FILE = YES;
				INFOPLIST_KEY_UIApplicationSceneManifest_Generation = YES;
				INFOPLIST_KEY_UIApplicationSupportsIndirectInputEvents = YES;
				INFOPLIST_KEY_UILaunchScreen_Generation = YES;
				INFOPLIST_KEY_UISupportedInterfaceOrientations_iPad = "UIInterfaceOrientationPortrait UIInterfaceOrientationPortraitUpsideDown UIInterfaceOrientationLandscapeLeft UIInterfaceOrientationLandscapeRight";
				INFOPLIST_KEY_UISupportedInterfaceOrientations_iPhone = "UIInterfaceOrientationPortrait UIInterfaceOrientationLandscapeLeft UIInterfaceOrientationLandscapeRight";
				LD_RUNPATH_SEARCH_PATHS = (
					"$(inherited)",
					"@executable_path/Frameworks",
				);
				MARKETING_VERSION = 1.0;
				PRODUCT_BUNDLE_IDENTIFIER = com.samuelperrott.BruinEatsApp;
				PRODUCT_NAME = "$(TARGET_NAME)";
				SWIFT_EMIT_LOC_STRINGS = YES;
				SWIFT_VERSION = 6.0;
				TARGETED_DEVICE_FAMILY = "1,2";
			};
			name = Debug;
		};
		2E8EA16C2D49A0290046382D /* Release */ = {
			isa = XCBuildConfiguration;
			buildSettings = {
				ASSETCATALOG_COMPILER_APPICON_NAME = AppIcon;
				ASSETCATALOG_COMPILER_GLOBAL_ACCENT_COLOR_NAME = AccentColor;
				CODE_SIGN_STYLE = Automatic;
				CURRENT_PROJECT_VERSION = 1;
				DEVELOPMENT_ASSET_PATHS = "\"BruinEatsApp/Preview Content\"";
				DEVELOPMENT_TEAM = C54923XPNV;
				ENABLE_PREVIEWS = YES;
				GENERATE_INFOPLIST_FILE = YES;
				INFOPLIST_KEY_UIApplicationSceneManifest_Generation = YES;
				INFOPLIST_KEY_UIApplicationSupportsIndirectInputEvents = YES;
				INFOPLIST_KEY_UILaunchScreen_Generation = YES;
				INFOPLIST_KEY_UISupportedInterfaceOrientations_iPad = "UIInterfaceOrientationPortrait UIInterfaceOrientationPortraitUpsideDown UIInterfaceOrientationLandscapeLeft UIInterfaceOrientationLandscapeRight";
				INFOPLIST_KEY_UISupportedInterfaceOrientations_iPhone = "UIInterfaceOrientationPortrait UIInterfaceOrientationLandscapeLeft UIInterfaceOrientationLandscapeRight";
				LD_RUNPATH_SEARCH_PATHS = (
					"$(inherited)",
					"@executable_path/Frameworks",
				);
				MARKETING_VERSION = 1.0;
				PRODUCT_BUNDLE_IDENTIFIER = com.samuelperrott.BruinEatsApp;
				PRODUCT_NAME = "$(TARGET_NAME)";
				SWIFT_EMIT_LOC_STRINGS = YES;
				SWIFT_VERSION = 6.0;
				TARGETED_DEVICE_FAMILY = "1,2";
			};
			name = Release;
		};
		2E8EA16E2D49A0290046382D /* Debug */ = {
			isa = XCBuildConfiguration;
			buildSettings = {
				BUNDLE_LOADER = "$(TEST_HOST)";
				CODE_SIGN_STYLE = Automatic;
				CURRENT_PROJECT_VERSION = 1;
				DEVELOPMENT_TEAM = C54923XPNV;
				GENERATE_INFOPLIST_FILE = YES;
				IPHONEOS_DEPLOYMENT_TARGET = 18.2;
				MARKETING_VERSION = 1.0;
				PRODUCT_BUNDLE_IDENTIFIER = com.samuelperrott.BruinEatsAppTests;
				PRODUCT_NAME = "$(TARGET_NAME)";
				SWIFT_EMIT_LOC_STRINGS = NO;
				SWIFT_VERSION = 5.0;
				TARGETED_DEVICE_FAMILY = "1,2";
				TEST_HOST = "$(BUILT_PRODUCTS_DIR)/BruinEatsApp.app/$(BUNDLE_EXECUTABLE_FOLDER_PATH)/BruinEatsApp";
			};
			name = Debug;
		};
		2E8EA16F2D49A0290046382D /* Release */ = {
			isa = XCBuildConfiguration;
			buildSettings = {
				BUNDLE_LOADER = "$(TEST_HOST)";
				CODE_SIGN_STYLE = Automatic;
				CURRENT_PROJECT_VERSION = 1;
				DEVELOPMENT_TEAM = C54923XPNV;
				GENERATE_INFOPLIST_FILE = YES;
				IPHONEOS_DEPLOYMENT_TARGET = 18.2;
				MARKETING_VERSION = 1.0;
				PRODUCT_BUNDLE_IDENTIFIER = com.samuelperrott.BruinEatsAppTests;
				PRODUCT_NAME = "$(TARGET_NAME)";
				SWIFT_EMIT_LOC_STRINGS = NO;
				SWIFT_VERSION = 5.0;
				TARGETED_DEVICE_FAMILY = "1,2";
				TEST_HOST = "$(BUILT_PRODUCTS_DIR)/BruinEatsApp.app/$(BUNDLE_EXECUTABLE_FOLDER_PATH)/BruinEatsApp";
			};
			name = Release;
		};
		2E8EA1712D49A0290046382D /* Debug */ = {
			isa = XCBuildConfiguration;
			buildSettings = {
				CODE_SIGN_STYLE = Automatic;
				CURRENT_PROJECT_VERSION = 1;
				DEVELOPMENT_TEAM = C54923XPNV;
				GENERATE_INFOPLIST_FILE = YES;
				MARKETING_VERSION = 1.0;
				PRODUCT_BUNDLE_IDENTIFIER = com.samuelperrott.BruinEatsAppUITests;
				PRODUCT_NAME = "$(TARGET_NAME)";
				SWIFT_EMIT_LOC_STRINGS = NO;
				SWIFT_VERSION = 5.0;
				TARGETED_DEVICE_FAMILY = "1,2";
				TEST_TARGET_NAME = BruinEatsApp;
			};
			name = Debug;
		};
		2E8EA1722D49A0290046382D /* Release */ = {
			isa = XCBuildConfiguration;
			buildSettings = {
				CODE_SIGN_STYLE = Automatic;
				CURRENT_PROJECT_VERSION = 1;
				DEVELOPMENT_TEAM = C54923XPNV;
				GENERATE_INFOPLIST_FILE = YES;
				MARKETING_VERSION = 1.0;
				PRODUCT_BUNDLE_IDENTIFIER = com.samuelperrott.BruinEatsAppUITests;
				PRODUCT_NAME = "$(TARGET_NAME)";
				SWIFT_EMIT_LOC_STRINGS = NO;
				SWIFT_VERSION = 5.0;
				TARGETED_DEVICE_FAMILY = "1,2";
				TEST_TARGET_NAME = BruinEatsApp;
			};
			name = Release;
		};
/* End XCBuildConfiguration section */

/* Begin XCConfigurationList section */
		2E8EA1412D49A0280046382D /* Build configuration list for PBXProject "BruinEatsApp" */ = {
			isa = XCConfigurationList;
			buildConfigurations = (
				2E8EA1682D49A0290046382D /* Debug */,
				2E8EA1692D49A0290046382D /* Release */,
			);
			defaultConfigurationIsVisible = 0;
			defaultConfigurationName = Release;
		};
		2E8EA16A2D49A0290046382D /* Build configuration list for PBXNativeTarget "BruinEatsApp" */ = {
			isa = XCConfigurationList;
			buildConfigurations = (
				2E8EA16B2D49A0290046382D /* Debug */,
				2E8EA16C2D49A0290046382D /* Release */,
			);
			defaultConfigurationIsVisible = 0;
			defaultConfigurationName = Release;
		};
		2E8EA16D2D49A0290046382D /* Build configuration list for PBXNativeTarget "BruinEatsAppTests" */ = {
			isa = XCConfigurationList;
			buildConfigurations = (
				2E8EA16E2D49A0290046382D /* Debug */,
				2E8EA16F2D49A0290046382D /* Release */,
			);
			defaultConfigurationIsVisible = 0;
			defaultConfigurationName = Release;
		};
		2E8EA1702D49A0290046382D /* Build configuration list for PBXNativeTarget "BruinEatsAppUITests" */ = {
			isa = XCConfigurationList;
			buildConfigurations = (
				2E8EA1712D49A0290046382D /* Debug */,
				2E8EA1722D49A0290046382D /* Release */,
			);
			defaultConfigurationIsVisible = 0;
			defaultConfigurationName = Release;
		};
/* End XCConfigurationList section */
	};
	rootObject = 2E8EA13E2D49A0280046382D /* Project object */;
}
